
Microsoft Visual Studio Solution File, Format Version 12.00
# Visual Studio Version 17
VisualStudioVersion = 17.7.34221.43
MinimumVisualStudioVersion = 10.0.40219.1
Project("{FAE04EC0-301F-11D3-BF4B-00C04F79EFBC}") = "Assignment", "Assignment.csproj", "{924007EF-CDFC-4939-A91C-E9DFE129D3B2}"
EndProject
Global
	GlobalSection(SolutionConfigurationPlatforms) = preSolution
		Debug|Any CPU = Debug|Any CPU
		Release|Any CPU = Release|Any CPU
	EndGlobalSection
	GlobalSection(ProjectConfigurationPlatforms) = postSolution
		{924007EF-CDFC-4939-A91C-E9DFE129D3B2}.Debug|Any CPU.ActiveCfg = Debug|Any CPU
		{924007EF-CDFC-4939-A91C-E9DFE129D3B2}.Debug|Any CPU.Build.0 = Debug|Any CPU
		{924007EF-CDFC-4939-A91C-E9DFE129D3B2}.Release|Any CPU.ActiveCfg = Release|Any CPU
		{924007EF-CDFC-4939-A91C-E9DFE129D3B2}.Release|Any CPU.Build.0 = Release|Any CPU
	EndGlobalSection
	GlobalSection(SolutionProperties) = preSolution
		HideSolutionNode = FALSE
	EndGlobalSection
	GlobalSection(ExtensibilityGlobals) = postSolution
		SolutionGuid = {F26B2DE1-ED90-421A-9906-98CD10F0B713}
	EndGlobalSection
EndGlobal
